{
  "object": {
    "pins": [
      {
        "package": "MandelbrotEngine",
        "repositoryURL": "https://github.com/PreludeAndFugue/MandelbrotEngine",
        "state": {
          "branch": null,
          "revision": "270146d6a4978b2c9ff3d55829458d012dd7fc66",
          "version": "0.14.0"
        }
      }
    ]
  },
  "version": 1
}
