{
  "object": {
    "pins": [
      {
        "package": "MandelbrotEngine",
        "repositoryURL": "https://github.com/PreludeAndFugue/MandelbrotEngine",
        "state": {
          "branch": null,
          "revision": "530186143b41fe6fc4b2504ef7a97144e05cb598",
          "version": "0.9.0"
        }
      }
    ]
  },
  "version": 1
}
