{
  "object": {
    "pins": [
      {
        "package": "MandelbrotEngine",
        "repositoryURL": "https://github.com/PreludeAndFugue/MandelbrotEngine",
        "state": {
          "branch": null,
          "revision": "8dfe6884a4afd3420e2904f6157dde7a9d01a0f8",
          "version": "0.13.0"
        }
      }
    ]
  },
  "version": 1
}
